
Microsoft Visual Studio Solution File, Format Version 12.00
# Visual Studio Version 17
VisualStudioVersion = 17.4.33205.214
MinimumVisualStudioVersion = 10.0.40219.1
Project("{FAE04EC0-301F-11D3-BF4B-00C04F79EFBC}") = "Client", "Client\Client.csproj", "{5F0BEDC6-B6BA-40D4-8A47-435C995B4BC4}"
EndProject
Project("{FAE04EC0-301F-11D3-BF4B-00C04F79EFBC}") = "Server", "..\Server\Server.csproj", "{147C8D30-EA31-43B3-AACF-F9C819ACE374}"
EndProject
Global
	GlobalSection(SolutionConfigurationPlatforms) = preSolution
		Debug|Any CPU = Debug|Any CPU
		Release|Any CPU = Release|Any CPU
	EndGlobalSection
	GlobalSection(ProjectConfigurationPlatforms) = postSolution
		{5F0BEDC6-B6BA-40D4-8A47-435C995B4BC4}.Debug|Any CPU.ActiveCfg = Debug|Any CPU
		{5F0BEDC6-B6BA-40D4-8A47-435C995B4BC4}.Debug|Any CPU.Build.0 = Debug|Any CPU
		{5F0BEDC6-B6BA-40D4-8A47-435C995B4BC4}.Release|Any CPU.ActiveCfg = Release|Any CPU
		{5F0BEDC6-B6BA-40D4-8A47-435C995B4BC4}.Release|Any CPU.Build.0 = Release|Any CPU
		{147C8D30-EA31-43B3-AACF-F9C819ACE374}.Debug|Any CPU.ActiveCfg = Debug|Any CPU
		{147C8D30-EA31-43B3-AACF-F9C819ACE374}.Debug|Any CPU.Build.0 = Debug|Any CPU
		{147C8D30-EA31-43B3-AACF-F9C819ACE374}.Release|Any CPU.ActiveCfg = Release|Any CPU
		{147C8D30-EA31-43B3-AACF-F9C819ACE374}.Release|Any CPU.Build.0 = Release|Any CPU
	EndGlobalSection
	GlobalSection(SolutionProperties) = preSolution
		HideSolutionNode = FALSE
	EndGlobalSection
	GlobalSection(ExtensibilityGlobals) = postSolution
		SolutionGuid = {E9625F49-CFAB-4371-B6B2-22758AA018DA}
	EndGlobalSection
EndGlobal
